
Microsoft Visual Studio Solution File, Format Version 12.00
# Visual Studio Version 17
VisualStudioVersion = 17.10.34928.147
MinimumVisualStudioVersion = 10.0.40219.1
Project("{FAE04EC0-301F-11D3-BF4B-00C04F79EFBC}") = "gccphat", "gccphat.csproj", "{C265F7C5-2A02-426E-8E54-2DC32392B654}"
EndProject
Global
	GlobalSection(SolutionConfigurationPlatforms) = preSolution
		Debug|Any CPU = Debug|Any CPU
		Release|Any CPU = Release|Any CPU
	EndGlobalSection
	GlobalSection(ProjectConfigurationPlatforms) = postSolution
		{C265F7C5-2A02-426E-8E54-2DC32392B654}.Debug|Any CPU.ActiveCfg = Debug|Any CPU
		{C265F7C5-2A02-426E-8E54-2DC32392B654}.Debug|Any CPU.Build.0 = Debug|Any CPU
		{C265F7C5-2A02-426E-8E54-2DC32392B654}.Release|Any CPU.ActiveCfg = Release|Any CPU
		{C265F7C5-2A02-426E-8E54-2DC32392B654}.Release|Any CPU.Build.0 = Release|Any CPU
	EndGlobalSection
	GlobalSection(SolutionProperties) = preSolution
		HideSolutionNode = FALSE
	EndGlobalSection
	GlobalSection(ExtensibilityGlobals) = postSolution
		SolutionGuid = {E6D313EB-DE9E-473D-879E-A800F84840F7}
	EndGlobalSection
EndGlobal
